// !$*UTF8*$!
{
	archiveVersion = 1;
	classes = {
	};
	objectVersion = 46;
	objects = {

/* Begin PBXBuildFile section */
		31CE2A83F339E1557EE6069E /* libPods-Pictorial-OC.a in Frameworks */ = {isa = PBXBuildFile; fileRef = 8C329F31D27CB868876A05C1 /* libPods-Pictorial-OC.a */; };
		FB12AA6B1EEE73BA00162F44 /* ContentDataView.m in Sources */ = {isa = PBXBuildFile; fileRef = FB12AA6A1EEE73BA00162F44 /* ContentDataView.m */; };
		FB12AA6D1EEE73CA00162F44 /* ContentDataView.xib in Resources */ = {isa = PBXBuildFile; fileRef = FB12AA6C1EEE73CA00162F44 /* ContentDataView.xib */; };
		FB6682B11FA860F200C3297A /* shot2.png in Resources */ = {isa = PBXBuildFile; fileRef = FB6682AE1FA860F200C3297A /* shot2.png */; };
		FB6682B21FA860F200C3297A /* shot1.png in Resources */ = {isa = PBXBuildFile; fileRef = FB6682AF1FA860F200C3297A /* shot1.png */; };
		FB6682B31FA860F200C3297A /* shot3.png in Resources */ = {isa = PBXBuildFile; fileRef = FB6682B01FA860F200C3297A /* shot3.png */; };
		FB72BF3C1F06064F00AE78F9 /* UIImageView+Util.m in Sources */ = {isa = PBXBuildFile; fileRef = FB72BF3B1F06064F00AE78F9 /* UIImageView+Util.m */; };
		FB941BC01EEF830C00F18FE5 /* UILabel+Extension.m in Sources */ = {isa = PBXBuildFile; fileRef = FB941BBF1EEF830C00F18FE5 /* UILabel+Extension.m */; };
		FB941BC31EEF846400F18FE5 /* NSString+Frame.m in Sources */ = {isa = PBXBuildFile; fileRef = FB941BC21EEF846400F18FE5 /* NSString+Frame.m */; };
		FB941BC71EEF8F0000F18FE5 /* MyDownloadController.m in Sources */ = {isa = PBXBuildFile; fileRef = FB941BC51EEF8F0000F18FE5 /* MyDownloadController.m */; };
		FB941BC81EEF8F0000F18FE5 /* MyDownloadController.xib in Resources */ = {isa = PBXBuildFile; fileRef = FB941BC61EEF8F0000F18FE5 /* MyDownloadController.xib */; };
		FB941BCB1EEF972B00F18FE5 /* NSString+Util.m in Sources */ = {isa = PBXBuildFile; fileRef = FB941BCA1EEF972B00F18FE5 /* NSString+Util.m */; };
		FBBA45F51F2B32B700A5C6C5 /* HomeViewModel.m in Sources */ = {isa = PBXBuildFile; fileRef = FBBA45F41F2B32B700A5C6C5 /* HomeViewModel.m */; };
		FBBA45F81F2B340900A5C6C5 /* WallPaperViewModel.m in Sources */ = {isa = PBXBuildFile; fileRef = FBBA45F71F2B340900A5C6C5 /* WallPaperViewModel.m */; };
		FBE022951F0C8B2000BF9850 /* AmplifyView.m in Sources */ = {isa = PBXBuildFile; fileRef = FBE022941F0C8B2000BF9850 /* AmplifyView.m */; };
		FBE022981F0C986400BF9850 /* DownloadImageTool.m in Sources */ = {isa = PBXBuildFile; fileRef = FBE022971F0C986400BF9850 /* DownloadImageTool.m */; };
		FBEDF4A41EEE835200DC981A /* ArticlePhotosView.m in Sources */ = {isa = PBXBuildFile; fileRef = FBEDF4A31EEE835200DC981A /* ArticlePhotosView.m */; };
		FBEDF4A71EEE8DB800DC981A /* WallPaperController.m in Sources */ = {isa = PBXBuildFile; fileRef = FBEDF4A61EEE8DB800DC981A /* WallPaperController.m */; };
		FBEDF4AB1EEE92CD00DC981A /* WallPaperCell.m in Sources */ = {isa = PBXBuildFile; fileRef = FBEDF4A91EEE92CD00DC981A /* WallPaperCell.m */; };
		FBEDF4AC1EEE92CD00DC981A /* WallPaperCell.xib in Resources */ = {isa = PBXBuildFile; fileRef = FBEDF4AA1EEE92CD00DC981A /* WallPaperCell.xib */; };
		FBEDF4AF1EEE950000DC981A /* WallPaperModel.m in Sources */ = {isa = PBXBuildFile; fileRef = FBEDF4AE1EEE950000DC981A /* WallPaperModel.m */; };
		FBEDF4B51EEE99F800DC981A /* UIBarButtonItem+Extension.m in Sources */ = {isa = PBXBuildFile; fileRef = FBEDF4B41EEE99F800DC981A /* UIBarButtonItem+Extension.m */; };
		FBEDF4B81EEEA77F00DC981A /* EnlargePaperView.m in Sources */ = {isa = PBXBuildFile; fileRef = FBEDF4B71EEEA77F00DC981A /* EnlargePaperView.m */; };
		FBEDF4BA1EEEA78F00DC981A /* EnlargePaperView.xib in Resources */ = {isa = PBXBuildFile; fileRef = FBEDF4B91EEEA78F00DC981A /* EnlargePaperView.xib */; };
		FBF034411EDEA89700D5E3F7 /* main.m in Sources */ = {isa = PBXBuildFile; fileRef = FBF034401EDEA89700D5E3F7 /* main.m */; };
		FBF034441EDEA89700D5E3F7 /* AppDelegate.m in Sources */ = {isa = PBXBuildFile; fileRef = FBF034431EDEA89700D5E3F7 /* AppDelegate.m */; };
		FBF034471EDEA89700D5E3F7 /* ViewController.m in Sources */ = {isa = PBXBuildFile; fileRef = FBF034461EDEA89700D5E3F7 /* ViewController.m */; };
		FBF0344A1EDEA89700D5E3F7 /* Main.storyboard in Resources */ = {isa = PBXBuildFile; fileRef = FBF034481EDEA89700D5E3F7 /* Main.storyboard */; };
		FBF0344C1EDEA89700D5E3F7 /* Assets.xcassets in Resources */ = {isa = PBXBuildFile; fileRef = FBF0344B1EDEA89700D5E3F7 /* Assets.xcassets */; };
		FBF0344F1EDEA89700D5E3F7 /* LaunchScreen.storyboard in Resources */ = {isa = PBXBuildFile; fileRef = FBF0344D1EDEA89700D5E3F7 /* LaunchScreen.storyboard */; };
		FBF0347D1EDEB5A700D5E3F7 /* AFNet.m in Sources */ = {isa = PBXBuildFile; fileRef = FBF0347C1EDEB5A700D5E3F7 /* AFNet.m */; };
		FBF034801EDEB73A00D5E3F7 /* NSObject+Model.m in Sources */ = {isa = PBXBuildFile; fileRef = FBF0347F1EDEB73A00D5E3F7 /* NSObject+Model.m */; };
		FBF034871EDEB81100D5E3F7 /* BaseViewController.m in Sources */ = {isa = PBXBuildFile; fileRef = FBF034861EDEB81100D5E3F7 /* BaseViewController.m */; };
		FBF0348A1EDEB83100D5E3F7 /* HomeViewController.m in Sources */ = {isa = PBXBuildFile; fileRef = FBF034891EDEB83100D5E3F7 /* HomeViewController.m */; };
		FBF0348D1EDEB9DB00D5E3F7 /* NSDate+Util.m in Sources */ = {isa = PBXBuildFile; fileRef = FBF0348C1EDEB9DB00D5E3F7 /* NSDate+Util.m */; };
		FBF034901EDEBAF600D5E3F7 /* HomeModel.m in Sources */ = {isa = PBXBuildFile; fileRef = FBF0348F1EDEBAF600D5E3F7 /* HomeModel.m */; };
		FBF034931EDEBF6800D5E3F7 /* ArticleModel.m in Sources */ = {isa = PBXBuildFile; fileRef = FBF034921EDEBF6800D5E3F7 /* ArticleModel.m */; };
		FBF034961EDEC3B100D5E3F7 /* PictorialView.m in Sources */ = {isa = PBXBuildFile; fileRef = FBF034951EDEC3B100D5E3F7 /* PictorialView.m */; };
		FBF034981EDEC3BE00D5E3F7 /* PictorialView.xib in Resources */ = {isa = PBXBuildFile; fileRef = FBF034971EDEC3BE00D5E3F7 /* PictorialView.xib */; };
		FBF0349B1EDEC96100D5E3F7 /* SettingView.m in Sources */ = {isa = PBXBuildFile; fileRef = FBF0349A1EDEC96100D5E3F7 /* SettingView.m */; };
		FBF0349F1EDECA1100D5E3F7 /* SettingCell.m in Sources */ = {isa = PBXBuildFile; fileRef = FBF0349D1EDECA1100D5E3F7 /* SettingCell.m */; };
		FBF034A01EDECA1100D5E3F7 /* SettingCell.xib in Resources */ = {isa = PBXBuildFile; fileRef = FBF0349E1EDECA1100D5E3F7 /* SettingCell.xib */; };
/* End PBXBuildFile section */

/* Begin PBXFileReference section */
		1F87A27FCF7D96F234D3F689 /* Pods-Pictorial-OC.release.xcconfig */ = {isa = PBXFileReference; includeInIndex = 1; lastKnownFileType = text.xcconfig; name = "Pods-Pictorial-OC.release.xcconfig"; path = "Pods/Target Support Files/Pods-Pictorial-OC/Pods-Pictorial-OC.release.xcconfig"; sourceTree = "<group>"; };
		8C329F31D27CB868876A05C1 /* libPods-Pictorial-OC.a */ = {isa = PBXFileReference; explicitFileType = archive.ar; includeInIndex = 0; path = "libPods-Pictorial-OC.a"; sourceTree = BUILT_PRODUCTS_DIR; };
		CBD1DBDE732D8E91504474BB /* Pods-Pictorial-OC.debug.xcconfig */ = {isa = PBXFileReference; includeInIndex = 1; lastKnownFileType = text.xcconfig; name = "Pods-Pictorial-OC.debug.xcconfig"; path = "Pods/Target Support Files/Pods-Pictorial-OC/Pods-Pictorial-OC.debug.xcconfig"; sourceTree = "<group>"; };
		FB12AA691EEE73BA00162F44 /* ContentDataView.h */ = {isa = PBXFileReference; fileEncoding = 4; lastKnownFileType = sourcecode.c.h; path = ContentDataView.h; sourceTree = "<group>"; };
		FB12AA6A1EEE73BA00162F44 /* ContentDataView.m */ = {isa = PBXFileReference; fileEncoding = 4; lastKnownFileType = sourcecode.c.objc; path = ContentDataView.m; sourceTree = "<group>"; };
		FB12AA6C1EEE73CA00162F44 /* ContentDataView.xib */ = {isa = PBXFileReference; fileEncoding = 4; lastKnownFileType = file.xib; path = ContentDataView.xib; sourceTree = "<group>"; };
		FB6682AE1FA860F200C3297A /* shot2.png */ = {isa = PBXFileReference; lastKnownFileType = image.png; path = shot2.png; sourceTree = "<group>"; };
		FB6682AF1FA860F200C3297A /* shot1.png */ = {isa = PBXFileReference; lastKnownFileType = image.png; path = shot1.png; sourceTree = "<group>"; };
		FB6682B01FA860F200C3297A /* shot3.png */ = {isa = PBXFileReference; lastKnownFileType = image.png; path = shot3.png; sourceTree = "<group>"; };
		FB72BF3A1F06064F00AE78F9 /* UIImageView+Util.h */ = {isa = PBXFileReference; fileEncoding = 4; lastKnownFileType = sourcecode.c.h; path = "UIImageView+Util.h"; sourceTree = "<group>"; };
		FB72BF3B1F06064F00AE78F9 /* UIImageView+Util.m */ = {isa = PBXFileReference; fileEncoding = 4; lastKnownFileType = sourcecode.c.objc; path = "UIImageView+Util.m"; sourceTree = "<group>"; };
		FB72BF3E1F0607A700AE78F9 /* Config.h */ = {isa = PBXFileReference; fileEncoding = 4; lastKnownFileType = sourcecode.c.h; path = Config.h; sourceTree = "<group>"; };
		FB941BBE1EEF830C00F18FE5 /* UILabel+Extension.h */ = {isa = PBXFileReference; fileEncoding = 4; lastKnownFileType = sourcecode.c.h; path = "UILabel+Extension.h"; sourceTree = "<group>"; };
		FB941BBF1EEF830C00F18FE5 /* UILabel+Extension.m */ = {isa = PBXFileReference; fileEncoding = 4; lastKnownFileType = sourcecode.c.objc; path = "UILabel+Extension.m"; sourceTree = "<group>"; };
		FB941BC11EEF846400F18FE5 /* NSString+Frame.h */ = {isa = PBXFileReference; fileEncoding = 4; lastKnownFileType = sourcecode.c.h; path = "NSString+Frame.h"; sourceTree = "<group>"; };
		FB941BC21EEF846400F18FE5 /* NSString+Frame.m */ = {isa = PBXFileReference; fileEncoding = 4; lastKnownFileType = sourcecode.c.objc; path = "NSString+Frame.m"; sourceTree = "<group>"; };
		FB941BC41EEF8F0000F18FE5 /* MyDownloadController.h */ = {isa = PBXFileReference; fileEncoding = 4; lastKnownFileType = sourcecode.c.h; path = MyDownloadController.h; sourceTree = "<group>"; };
		FB941BC51EEF8F0000F18FE5 /* MyDownloadController.m */ = {isa = PBXFileReference; fileEncoding = 4; lastKnownFileType = sourcecode.c.objc; path = MyDownloadController.m; sourceTree = "<group>"; };
		FB941BC61EEF8F0000F18FE5 /* MyDownloadController.xib */ = {isa = PBXFileReference; fileEncoding = 4; lastKnownFileType = file.xib; path = MyDownloadController.xib; sourceTree = "<group>"; };
		FB941BC91EEF972B00F18FE5 /* NSString+Util.h */ = {isa = PBXFileReference; fileEncoding = 4; lastKnownFileType = sourcecode.c.h; path = "NSString+Util.h"; sourceTree = "<group>"; };
		FB941BCA1EEF972B00F18FE5 /* NSString+Util.m */ = {isa = PBXFileReference; fileEncoding = 4; lastKnownFileType = sourcecode.c.objc; path = "NSString+Util.m"; sourceTree = "<group>"; };
		FBBA45F31F2B32B700A5C6C5 /* HomeViewModel.h */ = {isa = PBXFileReference; fileEncoding = 4; lastKnownFileType = sourcecode.c.h; path = HomeViewModel.h; sourceTree = "<group>"; };
		FBBA45F41F2B32B700A5C6C5 /* HomeViewModel.m */ = {isa = PBXFileReference; fileEncoding = 4; lastKnownFileType = sourcecode.c.objc; path = HomeViewModel.m; sourceTree = "<group>"; };
		FBBA45F61F2B340900A5C6C5 /* WallPaperViewModel.h */ = {isa = PBXFileReference; fileEncoding = 4; lastKnownFileType = sourcecode.c.h; path = WallPaperViewModel.h; sourceTree = "<group>"; };
		FBBA45F71F2B340900A5C6C5 /* WallPaperViewModel.m */ = {isa = PBXFileReference; fileEncoding = 4; lastKnownFileType = sourcecode.c.objc; path = WallPaperViewModel.m; sourceTree = "<group>"; };
		FBE022931F0C8B2000BF9850 /* AmplifyView.h */ = {isa = PBXFileReference; fileEncoding = 4; lastKnownFileType = sourcecode.c.h; path = AmplifyView.h; sourceTree = "<group>"; };
		FBE022941F0C8B2000BF9850 /* AmplifyView.m */ = {isa = PBXFileReference; fileEncoding = 4; lastKnownFileType = sourcecode.c.objc; path = AmplifyView.m; sourceTree = "<group>"; };
		FBE022961F0C986400BF9850 /* DownloadImageTool.h */ = {isa = PBXFileReference; fileEncoding = 4; lastKnownFileType = sourcecode.c.h; path = DownloadImageTool.h; sourceTree = "<group>"; };
		FBE022971F0C986400BF9850 /* DownloadImageTool.m */ = {isa = PBXFileReference; fileEncoding = 4; lastKnownFileType = sourcecode.c.objc; path = DownloadImageTool.m; sourceTree = "<group>"; };
		FBEDF4A21EEE835200DC981A /* ArticlePhotosView.h */ = {isa = PBXFileReference; fileEncoding = 4; lastKnownFileType = sourcecode.c.h; path = ArticlePhotosView.h; sourceTree = "<group>"; };
		FBEDF4A31EEE835200DC981A /* ArticlePhotosView.m */ = {isa = PBXFileReference; fileEncoding = 4; lastKnownFileType = sourcecode.c.objc; path = ArticlePhotosView.m; sourceTree = "<group>"; };
		FBEDF4A51EEE8DB800DC981A /* WallPaperController.h */ = {isa = PBXFileReference; fileEncoding = 4; lastKnownFileType = sourcecode.c.h; path = WallPaperController.h; sourceTree = "<group>"; };
		FBEDF4A61EEE8DB800DC981A /* WallPaperController.m */ = {isa = PBXFileReference; fileEncoding = 4; lastKnownFileType = sourcecode.c.objc; path = WallPaperController.m; sourceTree = "<group>"; };
		FBEDF4A81EEE92CD00DC981A /* WallPaperCell.h */ = {isa = PBXFileReference; fileEncoding = 4; lastKnownFileType = sourcecode.c.h; path = WallPaperCell.h; sourceTree = "<group>"; };
		FBEDF4A91EEE92CD00DC981A /* WallPaperCell.m */ = {isa = PBXFileReference; fileEncoding = 4; lastKnownFileType = sourcecode.c.objc; path = WallPaperCell.m; sourceTree = "<group>"; };
		FBEDF4AA1EEE92CD00DC981A /* WallPaperCell.xib */ = {isa = PBXFileReference; fileEncoding = 4; lastKnownFileType = file.xib; path = WallPaperCell.xib; sourceTree = "<group>"; };
		FBEDF4AD1EEE950000DC981A /* WallPaperModel.h */ = {isa = PBXFileReference; fileEncoding = 4; lastKnownFileType = sourcecode.c.h; path = WallPaperModel.h; sourceTree = "<group>"; };
		FBEDF4AE1EEE950000DC981A /* WallPaperModel.m */ = {isa = PBXFileReference; fileEncoding = 4; lastKnownFileType = sourcecode.c.objc; path = WallPaperModel.m; sourceTree = "<group>"; };
		FBEDF4B31EEE99F800DC981A /* UIBarButtonItem+Extension.h */ = {isa = PBXFileReference; fileEncoding = 4; lastKnownFileType = sourcecode.c.h; path = "UIBarButtonItem+Extension.h"; sourceTree = "<group>"; };
		FBEDF4B41EEE99F800DC981A /* UIBarButtonItem+Extension.m */ = {isa = PBXFileReference; fileEncoding = 4; lastKnownFileType = sourcecode.c.objc; path = "UIBarButtonItem+Extension.m"; sourceTree = "<group>"; };
		FBEDF4B61EEEA77F00DC981A /* EnlargePaperView.h */ = {isa = PBXFileReference; fileEncoding = 4; lastKnownFileType = sourcecode.c.h; path = EnlargePaperView.h; sourceTree = "<group>"; };
		FBEDF4B71EEEA77F00DC981A /* EnlargePaperView.m */ = {isa = PBXFileReference; fileEncoding = 4; lastKnownFileType = sourcecode.c.objc; path = EnlargePaperView.m; sourceTree = "<group>"; };
		FBEDF4B91EEEA78F00DC981A /* EnlargePaperView.xib */ = {isa = PBXFileReference; fileEncoding = 4; lastKnownFileType = file.xib; path = EnlargePaperView.xib; sourceTree = "<group>"; };
		FBF0343C1EDEA89700D5E3F7 /* Pictorial-OC.app */ = {isa = PBXFileReference; explicitFileType = wrapper.application; includeInIndex = 0; path = "Pictorial-OC.app"; sourceTree = BUILT_PRODUCTS_DIR; };
		FBF034401EDEA89700D5E3F7 /* main.m */ = {isa = PBXFileReference; lastKnownFileType = sourcecode.c.objc; path = main.m; sourceTree = "<group>"; };
		FBF034421EDEA89700D5E3F7 /* AppDelegate.h */ = {isa = PBXFileReference; lastKnownFileType = sourcecode.c.h; path = AppDelegate.h; sourceTree = "<group>"; };
		FBF034431EDEA89700D5E3F7 /* AppDelegate.m */ = {isa = PBXFileReference; lastKnownFileType = sourcecode.c.objc; path = AppDelegate.m; sourceTree = "<group>"; };
		FBF034451EDEA89700D5E3F7 /* ViewController.h */ = {isa = PBXFileReference; lastKnownFileType = sourcecode.c.h; path = ViewController.h; sourceTree = "<group>"; };
		FBF034461EDEA89700D5E3F7 /* ViewController.m */ = {isa = PBXFileReference; lastKnownFileType = sourcecode.c.objc; path = ViewController.m; sourceTree = "<group>"; };
		FBF034491EDEA89700D5E3F7 /* Base */ = {isa = PBXFileReference; lastKnownFileType = file.storyboard; name = Base; path = Base.lproj/Main.storyboard; sourceTree = "<group>"; };
		FBF0344B1EDEA89700D5E3F7 /* Assets.xcassets */ = {isa = PBXFileReference; lastKnownFileType = folder.assetcatalog; path = Assets.xcassets; sourceTree = "<group>"; };
		FBF0344E1EDEA89700D5E3F7 /* Base */ = {isa = PBXFileReference; lastKnownFileType = file.storyboard; name = Base; path = Base.lproj/LaunchScreen.storyboard; sourceTree = "<group>"; };
		FBF034501EDEA89700D5E3F7 /* Info.plist */ = {isa = PBXFileReference; lastKnownFileType = text.plist.xml; path = Info.plist; sourceTree = "<group>"; };
		FBF0347A1EDEB37B00D5E3F7 /* PrefixHeader.pch */ = {isa = PBXFileReference; fileEncoding = 4; lastKnownFileType = sourcecode.c.h; path = PrefixHeader.pch; sourceTree = "<group>"; };
		FBF0347B1EDEB5A700D5E3F7 /* AFNet.h */ = {isa = PBXFileReference; fileEncoding = 4; lastKnownFileType = sourcecode.c.h; path = AFNet.h; sourceTree = "<group>"; };
		FBF0347C1EDEB5A700D5E3F7 /* AFNet.m */ = {isa = PBXFileReference; fileEncoding = 4; lastKnownFileType = sourcecode.c.objc; path = AFNet.m; sourceTree = "<group>"; };
		FBF0347E1EDEB73A00D5E3F7 /* NSObject+Model.h */ = {isa = PBXFileReference; fileEncoding = 4; lastKnownFileType = sourcecode.c.h; path = "NSObject+Model.h"; sourceTree = "<group>"; };
		FBF0347F1EDEB73A00D5E3F7 /* NSObject+Model.m */ = {isa = PBXFileReference; fileEncoding = 4; lastKnownFileType = sourcecode.c.objc; path = "NSObject+Model.m"; sourceTree = "<group>"; };
		FBF034851EDEB81100D5E3F7 /* BaseViewController.h */ = {isa = PBXFileReference; fileEncoding = 4; lastKnownFileType = sourcecode.c.h; path = BaseViewController.h; sourceTree = "<group>"; };
		FBF034861EDEB81100D5E3F7 /* BaseViewController.m */ = {isa = PBXFileReference; fileEncoding = 4; lastKnownFileType = sourcecode.c.objc; path = BaseViewController.m; sourceTree = "<group>"; };
		FBF034881EDEB83100D5E3F7 /* HomeViewController.h */ = {isa = PBXFileReference; fileEncoding = 4; lastKnownFileType = sourcecode.c.h; path = HomeViewController.h; sourceTree = "<group>"; };
		FBF034891EDEB83100D5E3F7 /* HomeViewController.m */ = {isa = PBXFileReference; fileEncoding = 4; lastKnownFileType = sourcecode.c.objc; path = HomeViewController.m; sourceTree = "<group>"; };
		FBF0348B1EDEB9DB00D5E3F7 /* NSDate+Util.h */ = {isa = PBXFileReference; fileEncoding = 4; lastKnownFileType = sourcecode.c.h; path = "NSDate+Util.h"; sourceTree = "<group>"; };
		FBF0348C1EDEB9DB00D5E3F7 /* NSDate+Util.m */ = {isa = PBXFileReference; fileEncoding = 4; lastKnownFileType = sourcecode.c.objc; path = "NSDate+Util.m"; sourceTree = "<group>"; };
		FBF0348E1EDEBAF600D5E3F7 /* HomeModel.h */ = {isa = PBXFileReference; fileEncoding = 4; lastKnownFileType = sourcecode.c.h; path = HomeModel.h; sourceTree = "<group>"; };
		FBF0348F1EDEBAF600D5E3F7 /* HomeModel.m */ = {isa = PBXFileReference; fileEncoding = 4; lastKnownFileType = sourcecode.c.objc; path = HomeModel.m; sourceTree = "<group>"; };
		FBF034911EDEBF6800D5E3F7 /* ArticleModel.h */ = {isa = PBXFileReference; fileEncoding = 4; lastKnownFileType = sourcecode.c.h; path = ArticleModel.h; sourceTree = "<group>"; };
		FBF034921EDEBF6800D5E3F7 /* ArticleModel.m */ = {isa = PBXFileReference; fileEncoding = 4; lastKnownFileType = sourcecode.c.objc; path = ArticleModel.m; sourceTree = "<group>"; };
		FBF034941EDEC3B100D5E3F7 /* PictorialView.h */ = {isa = PBXFileReference; fileEncoding = 4; lastKnownFileType = sourcecode.c.h; path = PictorialView.h; sourceTree = "<group>"; };
		FBF034951EDEC3B100D5E3F7 /* PictorialView.m */ = {isa = PBXFileReference; fileEncoding = 4; lastKnownFileType = sourcecode.c.objc; path = PictorialView.m; sourceTree = "<group>"; };
		FBF034971EDEC3BE00D5E3F7 /* PictorialView.xib */ = {isa = PBXFileReference; fileEncoding = 4; lastKnownFileType = file.xib; path = PictorialView.xib; sourceTree = "<group>"; };
		FBF034991EDEC96100D5E3F7 /* SettingView.h */ = {isa = PBXFileReference; fileEncoding = 4; lastKnownFileType = sourcecode.c.h; path = SettingView.h; sourceTree = "<group>"; };
		FBF0349A1EDEC96100D5E3F7 /* SettingView.m */ = {isa = PBXFileReference; fileEncoding = 4; lastKnownFileType = sourcecode.c.objc; path = SettingView.m; sourceTree = "<group>"; };
		FBF0349C1EDECA1100D5E3F7 /* SettingCell.h */ = {isa = PBXFileReference; fileEncoding = 4; lastKnownFileType = sourcecode.c.h; path = SettingCell.h; sourceTree = "<group>"; };
		FBF0349D1EDECA1100D5E3F7 /* SettingCell.m */ = {isa = PBXFileReference; fileEncoding = 4; lastKnownFileType = sourcecode.c.objc; path = SettingCell.m; sourceTree = "<group>"; };
		FBF0349E1EDECA1100D5E3F7 /* SettingCell.xib */ = {isa = PBXFileReference; fileEncoding = 4; lastKnownFileType = file.xib; path = SettingCell.xib; sourceTree = "<group>"; };
/* End PBXFileReference section */

/* Begin PBXFrameworksBuildPhase section */
		FBF034391EDEA89700D5E3F7 /* Frameworks */ = {
			isa = PBXFrameworksBuildPhase;
			buildActionMask = 2147483647;
			files = (
				31CE2A83F339E1557EE6069E /* libPods-Pictorial-OC.a in Frameworks */,
			);
			runOnlyForDeploymentPostprocessing = 0;
		};
/* End PBXFrameworksBuildPhase section */

/* Begin PBXGroup section */
		38DE2262511C33202557A0E5 /* Frameworks */ = {
			isa = PBXGroup;
			children = (
				8C329F31D27CB868876A05C1 /* libPods-Pictorial-OC.a */,
			);
			name = Frameworks;
			sourceTree = "<group>";
		};
		51641B003A207B095F7880FF /* Pods */ = {
			isa = PBXGroup;
			children = (
				CBD1DBDE732D8E91504474BB /* Pods-Pictorial-OC.debug.xcconfig */,
				1F87A27FCF7D96F234D3F689 /* Pods-Pictorial-OC.release.xcconfig */,
			);
			name = Pods;
			sourceTree = "<group>";
		};
		FB6682A71FA85FA600C3297A /* Screenshot */ = {
			isa = PBXGroup;
			children = (
				FB6682AF1FA860F200C3297A /* shot1.png */,
				FB6682AE1FA860F200C3297A /* shot2.png */,
				FB6682B01FA860F200C3297A /* shot3.png */,
			);
			path = Screenshot;
			sourceTree = "<group>";
		};
		FB72BF3D1F06079200AE78F9 /* Macro */ = {
			isa = PBXGroup;
			children = (
				FB72BF3E1F0607A700AE78F9 /* Config.h */,
			);
			path = Macro;
			sourceTree = "<group>";
		};
		FBBA45F21F2B324500A5C6C5 /* VM */ = {
			isa = PBXGroup;
			children = (
				FBBA45F31F2B32B700A5C6C5 /* HomeViewModel.h */,
				FBBA45F41F2B32B700A5C6C5 /* HomeViewModel.m */,
				FBBA45F61F2B340900A5C6C5 /* WallPaperViewModel.h */,
				FBBA45F71F2B340900A5C6C5 /* WallPaperViewModel.m */,
			);
			path = VM;
			sourceTree = "<group>";
		};
		FBEDF4A11EEE834000DC981A /* CustomView */ = {
			isa = PBXGroup;
			children = (
				FBEDF4A21EEE835200DC981A /* ArticlePhotosView.h */,
				FBEDF4A31EEE835200DC981A /* ArticlePhotosView.m */,
				FBE022931F0C8B2000BF9850 /* AmplifyView.h */,
				FBE022941F0C8B2000BF9850 /* AmplifyView.m */,
			);
			path = CustomView;
			sourceTree = "<group>";
		};
		FBF034331EDEA89700D5E3F7 = {
			isa = PBXGroup;
			children = (
				FBF0343E1EDEA89700D5E3F7 /* Pictorial-OC */,
				FBF0343D1EDEA89700D5E3F7 /* Products */,
				51641B003A207B095F7880FF /* Pods */,
				38DE2262511C33202557A0E5 /* Frameworks */,
			);
			sourceTree = "<group>";
		};
		FBF0343D1EDEA89700D5E3F7 /* Products */ = {
			isa = PBXGroup;
			children = (
				FBF0343C1EDEA89700D5E3F7 /* Pictorial-OC.app */,
			);
			name = Products;
			sourceTree = "<group>";
		};
		FBF0343E1EDEA89700D5E3F7 /* Pictorial-OC */ = {
			isa = PBXGroup;
			children = (
				FB6682A71FA85FA600C3297A /* Screenshot */,
				FBF034811EDEB7E800D5E3F7 /* Classes */,
				FBF034741EDEAF1A00D5E3F7 /* Tools */,
				FBF034421EDEA89700D5E3F7 /* AppDelegate.h */,
				FBF034431EDEA89700D5E3F7 /* AppDelegate.m */,
				FBF034451EDEA89700D5E3F7 /* ViewController.h */,
				FBF034461EDEA89700D5E3F7 /* ViewController.m */,
				FBF034481EDEA89700D5E3F7 /* Main.storyboard */,
				FBF0344B1EDEA89700D5E3F7 /* Assets.xcassets */,
				FBF0344D1EDEA89700D5E3F7 /* LaunchScreen.storyboard */,
				FBF034501EDEA89700D5E3F7 /* Info.plist */,
				FBF0343F1EDEA89700D5E3F7 /* Supporting Files */,
			);
			path = "Pictorial-OC";
			sourceTree = "<group>";
		};
		FBF0343F1EDEA89700D5E3F7 /* Supporting Files */ = {
			isa = PBXGroup;
			children = (
				FBF034401EDEA89700D5E3F7 /* main.m */,
				FBF0347A1EDEB37B00D5E3F7 /* PrefixHeader.pch */,
			);
			name = "Supporting Files";
			sourceTree = "<group>";
		};
		FBF034741EDEAF1A00D5E3F7 /* Tools */ = {
			isa = PBXGroup;
			children = (
				FB72BF3D1F06079200AE78F9 /* Macro */,
				FBF034751EDEAF1A00D5E3F7 /* Category */,
				FBF034761EDEAF1A00D5E3F7 /* Net */,
				FBE022961F0C986400BF9850 /* DownloadImageTool.h */,
				FBE022971F0C986400BF9850 /* DownloadImageTool.m */,
			);
			path = Tools;
			sourceTree = "<group>";
		};
		FBF034751EDEAF1A00D5E3F7 /* Category */ = {
			isa = PBXGroup;
			children = (
				FBF0347E1EDEB73A00D5E3F7 /* NSObject+Model.h */,
				FBF0347F1EDEB73A00D5E3F7 /* NSObject+Model.m */,
				FBF0348B1EDEB9DB00D5E3F7 /* NSDate+Util.h */,
				FBF0348C1EDEB9DB00D5E3F7 /* NSDate+Util.m */,
				FBEDF4B31EEE99F800DC981A /* UIBarButtonItem+Extension.h */,
				FBEDF4B41EEE99F800DC981A /* UIBarButtonItem+Extension.m */,
				FB941BBE1EEF830C00F18FE5 /* UILabel+Extension.h */,
				FB941BBF1EEF830C00F18FE5 /* UILabel+Extension.m */,
				FB941BC11EEF846400F18FE5 /* NSString+Frame.h */,
				FB941BC21EEF846400F18FE5 /* NSString+Frame.m */,
				FB941BC91EEF972B00F18FE5 /* NSString+Util.h */,
				FB941BCA1EEF972B00F18FE5 /* NSString+Util.m */,
				FB72BF3A1F06064F00AE78F9 /* UIImageView+Util.h */,
				FB72BF3B1F06064F00AE78F9 /* UIImageView+Util.m */,
			);
			path = Category;
			sourceTree = "<group>";
		};
		FBF034761EDEAF1A00D5E3F7 /* Net */ = {
			isa = PBXGroup;
			children = (
				FBF0347B1EDEB5A700D5E3F7 /* AFNet.h */,
				FBF0347C1EDEB5A700D5E3F7 /* AFNet.m */,
			);
			path = Net;
			sourceTree = "<group>";
		};
		FBF034811EDEB7E800D5E3F7 /* Classes */ = {
			isa = PBXGroup;
			children = (
				FBBA45F21F2B324500A5C6C5 /* VM */,
				FBF034821EDEB7E800D5E3F7 /* Controller */,
				FBF034831EDEB7E800D5E3F7 /* Model */,
				FBF034841EDEB7E800D5E3F7 /* View */,
			);
			path = Classes;
			sourceTree = "<group>";
		};
		FBF034821EDEB7E800D5E3F7 /* Controller */ = {
			isa = PBXGroup;
			children = (
				FBF034851EDEB81100D5E3F7 /* BaseViewController.h */,
				FBF034861EDEB81100D5E3F7 /* BaseViewController.m */,
				FBF034881EDEB83100D5E3F7 /* HomeViewController.h */,
				FBF034891EDEB83100D5E3F7 /* HomeViewController.m */,
				FBEDF4A51EEE8DB800DC981A /* WallPaperController.h */,
				FBEDF4A61EEE8DB800DC981A /* WallPaperController.m */,
				FB941BC41EEF8F0000F18FE5 /* MyDownloadController.h */,
				FB941BC51EEF8F0000F18FE5 /* MyDownloadController.m */,
				FB941BC61EEF8F0000F18FE5 /* MyDownloadController.xib */,
			);
			path = Controller;
			sourceTree = "<group>";
		};
		FBF034831EDEB7E800D5E3F7 /* Model */ = {
			isa = PBXGroup;
			children = (
				FBF0348E1EDEBAF600D5E3F7 /* HomeModel.h */,
				FBF0348F1EDEBAF600D5E3F7 /* HomeModel.m */,
				FBF034911EDEBF6800D5E3F7 /* ArticleModel.h */,
				FBF034921EDEBF6800D5E3F7 /* ArticleModel.m */,
				FBEDF4AD1EEE950000DC981A /* WallPaperModel.h */,
				FBEDF4AE1EEE950000DC981A /* WallPaperModel.m */,
			);
			path = Model;
			sourceTree = "<group>";
		};
		FBF034841EDEB7E800D5E3F7 /* View */ = {
			isa = PBXGroup;
			children = (
				FBEDF4A11EEE834000DC981A /* CustomView */,
				FBF034941EDEC3B100D5E3F7 /* PictorialView.h */,
				FBF034951EDEC3B100D5E3F7 /* PictorialView.m */,
				FBF034971EDEC3BE00D5E3F7 /* PictorialView.xib */,
				FBF034991EDEC96100D5E3F7 /* SettingView.h */,
				FBF0349A1EDEC96100D5E3F7 /* SettingView.m */,
				FBF0349C1EDECA1100D5E3F7 /* SettingCell.h */,
				FBF0349D1EDECA1100D5E3F7 /* SettingCell.m */,
				FBF0349E1EDECA1100D5E3F7 /* SettingCell.xib */,
				FB12AA691EEE73BA00162F44 /* ContentDataView.h */,
				FB12AA6A1EEE73BA00162F44 /* ContentDataView.m */,
				FB12AA6C1EEE73CA00162F44 /* ContentDataView.xib */,
				FBEDF4A81EEE92CD00DC981A /* WallPaperCell.h */,
				FBEDF4A91EEE92CD00DC981A /* WallPaperCell.m */,
				FBEDF4AA1EEE92CD00DC981A /* WallPaperCell.xib */,
				FBEDF4B61EEEA77F00DC981A /* EnlargePaperView.h */,
				FBEDF4B71EEEA77F00DC981A /* EnlargePaperView.m */,
				FBEDF4B91EEEA78F00DC981A /* EnlargePaperView.xib */,
			);
			path = View;
			sourceTree = "<group>";
		};
/* End PBXGroup section */

/* Begin PBXNativeTarget section */
		FBF0343B1EDEA89700D5E3F7 /* Pictorial-OC */ = {
			isa = PBXNativeTarget;
			buildConfigurationList = FBF034531EDEA89700D5E3F7 /* Build configuration list for PBXNativeTarget "Pictorial-OC" */;
			buildPhases = (
				355DB8427D4E12EC295F6096 /* [CP] Check Pods Manifest.lock */,
				FBF034381EDEA89700D5E3F7 /* Sources */,
				FBF034391EDEA89700D5E3F7 /* Frameworks */,
				FBF0343A1EDEA89700D5E3F7 /* Resources */,
				E318BF1DDE1C5279B9E23DE6 /* [CP] Embed Pods Frameworks */,
				D86C59B0F4D208E69548ABCF /* [CP] Copy Pods Resources */,
			);
			buildRules = (
			);
			dependencies = (
			);
			name = "Pictorial-OC";
			productName = "Pictorial-OC";
			productReference = FBF0343C1EDEA89700D5E3F7 /* Pictorial-OC.app */;
			productType = "com.apple.product-type.application";
		};
/* End PBXNativeTarget section */

/* Begin PBXProject section */
		FBF034341EDEA89700D5E3F7 /* Project object */ = {
			isa = PBXProject;
			attributes = {
				LastUpgradeCheck = 0830;
				ORGANIZATIONNAME = duodian;
				TargetAttributes = {
					FBF0343B1EDEA89700D5E3F7 = {
						CreatedOnToolsVersion = 8.3.2;
						DevelopmentTeam = 9PH3GF2LMY;
						ProvisioningStyle = Manual;
					};
				};
			};
			buildConfigurationList = FBF034371EDEA89700D5E3F7 /* Build configuration list for PBXProject "Pictorial-OC" */;
			compatibilityVersion = "Xcode 3.2";
			developmentRegion = English;
			hasScannedForEncodings = 0;
			knownRegions = (
				en,
				Base,
			);
			mainGroup = FBF034331EDEA89700D5E3F7;
			productRefGroup = FBF0343D1EDEA89700D5E3F7 /* Products */;
			projectDirPath = "";
			projectRoot = "";
			targets = (
				FBF0343B1EDEA89700D5E3F7 /* Pictorial-OC */,
			);
		};
/* End PBXProject section */

/* Begin PBXResourcesBuildPhase section */
		FBF0343A1EDEA89700D5E3F7 /* Resources */ = {
			isa = PBXResourcesBuildPhase;
			buildActionMask = 2147483647;
			files = (
				FBF034981EDEC3BE00D5E3F7 /* PictorialView.xib in Resources */,
				FB6682B31FA860F200C3297A /* shot3.png in Resources */,
				FBF034A01EDECA1100D5E3F7 /* SettingCell.xib in Resources */,
				FBF0344F1EDEA89700D5E3F7 /* LaunchScreen.storyboard in Resources */,
				FBF0344C1EDEA89700D5E3F7 /* Assets.xcassets in Resources */,
				FB6682B11FA860F200C3297A /* shot2.png in Resources */,
				FB6682B21FA860F200C3297A /* shot1.png in Resources */,
				FB12AA6D1EEE73CA00162F44 /* ContentDataView.xib in Resources */,
				FBF0344A1EDEA89700D5E3F7 /* Main.storyboard in Resources */,
				FBEDF4BA1EEEA78F00DC981A /* EnlargePaperView.xib in Resources */,
				FB941BC81EEF8F0000F18FE5 /* MyDownloadController.xib in Resources */,
				FBEDF4AC1EEE92CD00DC981A /* WallPaperCell.xib in Resources */,
			);
			runOnlyForDeploymentPostprocessing = 0;
		};
/* End PBXResourcesBuildPhase section */

/* Begin PBXShellScriptBuildPhase section */
		355DB8427D4E12EC295F6096 /* [CP] Check Pods Manifest.lock */ = {
			isa = PBXShellScriptBuildPhase;
			buildActionMask = 2147483647;
			files = (
			);
			inputPaths = (
			);
			name = "[CP] Check Pods Manifest.lock";
			outputPaths = (
			);
			runOnlyForDeploymentPostprocessing = 0;
			shellPath = /bin/sh;
			shellScript = "diff \"${PODS_PODFILE_DIR_PATH}/Podfile.lock\" \"${PODS_ROOT}/Manifest.lock\" > /dev/null\nif [ $? != 0 ] ; then\n    # print error to STDERR\n    echo \"error: The sandbox is not in sync with the Podfile.lock. Run 'pod install' or update your CocoaPods installation.\" >&2\n    exit 1\nfi\n";
			showEnvVarsInLog = 0;
		};
		D86C59B0F4D208E69548ABCF /* [CP] Copy Pods Resources */ = {
			isa = PBXShellScriptBuildPhase;
			buildActionMask = 2147483647;
			files = (
			);
			inputPaths = (
			);
			name = "[CP] Copy Pods Resources";
			outputPaths = (
			);
			runOnlyForDeploymentPostprocessing = 0;
			shellPath = /bin/sh;
			shellScript = "\"${SRCROOT}/Pods/Target Support Files/Pods-Pictorial-OC/Pods-Pictorial-OC-resources.sh\"\n";
			showEnvVarsInLog = 0;
		};
		E318BF1DDE1C5279B9E23DE6 /* [CP] Embed Pods Frameworks */ = {
			isa = PBXShellScriptBuildPhase;
			buildActionMask = 2147483647;
			files = (
			);
			inputPaths = (
			);
			name = "[CP] Embed Pods Frameworks";
			outputPaths = (
			);
			runOnlyForDeploymentPostprocessing = 0;
			shellPath = /bin/sh;
			shellScript = "\"${SRCROOT}/Pods/Target Support Files/Pods-Pictorial-OC/Pods-Pictorial-OC-frameworks.sh\"\n";
			showEnvVarsInLog = 0;
		};
/* End PBXShellScriptBuildPhase section */

/* Begin PBXSourcesBuildPhase section */
		FBF034381EDEA89700D5E3F7 /* Sources */ = {
			isa = PBXSourcesBuildPhase;
			buildActionMask = 2147483647;
			files = (
				FBEDF4A41EEE835200DC981A /* ArticlePhotosView.m in Sources */,
				FBF0348D1EDEB9DB00D5E3F7 /* NSDate+Util.m in Sources */,
				FBEDF4B81EEEA77F00DC981A /* EnlargePaperView.m in Sources */,
				FB72BF3C1F06064F00AE78F9 /* UIImageView+Util.m in Sources */,
				FBF0347D1EDEB5A700D5E3F7 /* AFNet.m in Sources */,
				FBF034871EDEB81100D5E3F7 /* BaseViewController.m in Sources */,
				FBF034471EDEA89700D5E3F7 /* ViewController.m in Sources */,
				FB941BC71EEF8F0000F18FE5 /* MyDownloadController.m in Sources */,
				FBF034441EDEA89700D5E3F7 /* AppDelegate.m in Sources */,
				FB941BC31EEF846400F18FE5 /* NSString+Frame.m in Sources */,
				FBF0349B1EDEC96100D5E3F7 /* SettingView.m in Sources */,
				FBE022951F0C8B2000BF9850 /* AmplifyView.m in Sources */,
				FBF034411EDEA89700D5E3F7 /* main.m in Sources */,
				FB941BC01EEF830C00F18FE5 /* UILabel+Extension.m in Sources */,
				FBF034931EDEBF6800D5E3F7 /* ArticleModel.m in Sources */,
				FBF0348A1EDEB83100D5E3F7 /* HomeViewController.m in Sources */,
				FBEDF4AF1EEE950000DC981A /* WallPaperModel.m in Sources */,
				FBBA45F81F2B340900A5C6C5 /* WallPaperViewModel.m in Sources */,
				FBEDF4B51EEE99F800DC981A /* UIBarButtonItem+Extension.m in Sources */,
				FBF034801EDEB73A00D5E3F7 /* NSObject+Model.m in Sources */,
				FB12AA6B1EEE73BA00162F44 /* ContentDataView.m in Sources */,
				FBEDF4A71EEE8DB800DC981A /* WallPaperController.m in Sources */,
				FB941BCB1EEF972B00F18FE5 /* NSString+Util.m in Sources */,
				FBF0349F1EDECA1100D5E3F7 /* SettingCell.m in Sources */,
				FBBA45F51F2B32B700A5C6C5 /* HomeViewModel.m in Sources */,
				FBE022981F0C986400BF9850 /* DownloadImageTool.m in Sources */,
				FBEDF4AB1EEE92CD00DC981A /* WallPaperCell.m in Sources */,
				FBF034901EDEBAF600D5E3F7 /* HomeModel.m in Sources */,
				FBF034961EDEC3B100D5E3F7 /* PictorialView.m in Sources */,
			);
			runOnlyForDeploymentPostprocessing = 0;
		};
/* End PBXSourcesBuildPhase section */

/* Begin PBXVariantGroup section */
		FBF034481EDEA89700D5E3F7 /* Main.storyboard */ = {
			isa = PBXVariantGroup;
			children = (
				FBF034491EDEA89700D5E3F7 /* Base */,
			);
			name = Main.storyboard;
			sourceTree = "<group>";
		};
		FBF0344D1EDEA89700D5E3F7 /* LaunchScreen.storyboard */ = {
			isa = PBXVariantGroup;
			children = (
				FBF0344E1EDEA89700D5E3F7 /* Base */,
			);
			name = LaunchScreen.storyboard;
			sourceTree = "<group>";
		};
/* End PBXVariantGroup section */

/* Begin XCBuildConfiguration section */
		FBF034511EDEA89700D5E3F7 /* Debug */ = {
			isa = XCBuildConfiguration;
			buildSettings = {
				ALWAYS_SEARCH_USER_PATHS = NO;
				CLANG_ANALYZER_NONNULL = YES;
				CLANG_ANALYZER_NUMBER_OBJECT_CONVERSION = YES_AGGRESSIVE;
				CLANG_CXX_LANGUAGE_STANDARD = "gnu++0x";
				CLANG_CXX_LIBRARY = "libc++";
				CLANG_ENABLE_MODULES = YES;
				CLANG_ENABLE_OBJC_ARC = YES;
				CLANG_WARN_BOOL_CONVERSION = YES;
				CLANG_WARN_CONSTANT_CONVERSION = YES;
				CLANG_WARN_DIRECT_OBJC_ISA_USAGE = YES_ERROR;
				CLANG_WARN_DOCUMENTATION_COMMENTS = YES;
				CLANG_WARN_EMPTY_BODY = YES;
				CLANG_WARN_ENUM_CONVERSION = YES;
				CLANG_WARN_INFINITE_RECURSION = YES;
				CLANG_WARN_INT_CONVERSION = YES;
				CLANG_WARN_OBJC_ROOT_CLASS = YES_ERROR;
				CLANG_WARN_SUSPICIOUS_MOVE = YES;
				CLANG_WARN_UNREACHABLE_CODE = YES;
				CLANG_WARN__DUPLICATE_METHOD_MATCH = YES;
				"CODE_SIGN_IDENTITY[sdk=iphoneos*]" = "iPhone Developer";
				COPY_PHASE_STRIP = NO;
				DEBUG_INFORMATION_FORMAT = dwarf;
				ENABLE_STRICT_OBJC_MSGSEND = YES;
				ENABLE_TESTABILITY = YES;
				GCC_C_LANGUAGE_STANDARD = gnu99;
				GCC_DYNAMIC_NO_PIC = NO;
				GCC_NO_COMMON_BLOCKS = YES;
				GCC_OPTIMIZATION_LEVEL = 0;
				GCC_PREPROCESSOR_DEFINITIONS = (
					"DEBUG=1",
					"$(inherited)",
				);
				GCC_WARN_64_TO_32_BIT_CONVERSION = YES;
				GCC_WARN_ABOUT_RETURN_TYPE = YES_ERROR;
				GCC_WARN_UNDECLARED_SELECTOR = YES;
				GCC_WARN_UNINITIALIZED_AUTOS = YES_AGGRESSIVE;
				GCC_WARN_UNUSED_FUNCTION = YES;
				GCC_WARN_UNUSED_VARIABLE = YES;
				IPHONEOS_DEPLOYMENT_TARGET = 10.3;
				MTL_ENABLE_DEBUG_INFO = YES;
				ONLY_ACTIVE_ARCH = YES;
				SDKROOT = iphoneos;
			};
			name = Debug;
		};
		FBF034521EDEA89700D5E3F7 /* Release */ = {
			isa = XCBuildConfiguration;
			buildSettings = {
				ALWAYS_SEARCH_USER_PATHS = NO;
				CLANG_ANALYZER_NONNULL = YES;
				CLANG_ANALYZER_NUMBER_OBJECT_CONVERSION = YES_AGGRESSIVE;
				CLANG_CXX_LANGUAGE_STANDARD = "gnu++0x";
				CLANG_CXX_LIBRARY = "libc++";
				CLANG_ENABLE_MODULES = YES;
				CLANG_ENABLE_OBJC_ARC = YES;
				CLANG_WARN_BOOL_CONVERSION = YES;
				CLANG_WARN_CONSTANT_CONVERSION = YES;
				CLANG_WARN_DIRECT_OBJC_ISA_USAGE = YES_ERROR;
				CLANG_WARN_DOCUMENTATION_COMMENTS = YES;
				CLANG_WARN_EMPTY_BODY = YES;
				CLANG_WARN_ENUM_CONVERSION = YES;
				CLANG_WARN_INFINITE_RECURSION = YES;
				CLANG_WARN_INT_CONVERSION = YES;
				CLANG_WARN_OBJC_ROOT_CLASS = YES_ERROR;
				CLANG_WARN_SUSPICIOUS_MOVE = YES;
				CLANG_WARN_UNREACHABLE_CODE = YES;
				CLANG_WARN__DUPLICATE_METHOD_MATCH = YES;
				"CODE_SIGN_IDENTITY[sdk=iphoneos*]" = "iPhone Developer";
				COPY_PHASE_STRIP = NO;
				DEBUG_INFORMATION_FORMAT = "dwarf-with-dsym";
				ENABLE_NS_ASSERTIONS = NO;
				ENABLE_STRICT_OBJC_MSGSEND = YES;
				GCC_C_LANGUAGE_STANDARD = gnu99;
				GCC_NO_COMMON_BLOCKS = YES;
				GCC_WARN_64_TO_32_BIT_CONVERSION = YES;
				GCC_WARN_ABOUT_RETURN_TYPE = YES_ERROR;
				GCC_WARN_UNDECLARED_SELECTOR = YES;
				GCC_WARN_UNINITIALIZED_AUTOS = YES_AGGRESSIVE;
				GCC_WARN_UNUSED_FUNCTION = YES;
				GCC_WARN_UNUSED_VARIABLE = YES;
				IPHONEOS_DEPLOYMENT_TARGET = 10.3;
				MTL_ENABLE_DEBUG_INFO = NO;
				SDKROOT = iphoneos;
				VALIDATE_PRODUCT = YES;
			};
			name = Release;
		};
		FBF034541EDEA89700D5E3F7 /* Debug */ = {
			isa = XCBuildConfiguration;
			baseConfigurationReference = CBD1DBDE732D8E91504474BB /* Pods-Pictorial-OC.debug.xcconfig */;
			buildSettings = {
				ASSETCATALOG_COMPILER_APPICON_NAME = AppIcon;
				CODE_SIGN_IDENTITY = "iPhone Developer: MENG ZHAO (VDQB7SWMN6)";
				DEVELOPMENT_TEAM = 9PH3GF2LMY;
				GCC_PREFIX_HEADER = "Pictorial-OC/PrefixHeader.pch";
				INFOPLIST_FILE = "Pictorial-OC/Info.plist";
				LD_RUNPATH_SEARCH_PATHS = "$(inherited) @executable_path/Frameworks";
				PRODUCT_BUNDLE_IDENTIFIER = com.ddkj.weather;
				PRODUCT_NAME = "$(TARGET_NAME)";
				PROVISIONING_PROFILE = "536f8875-ca5c-41c4-96c8-89b65987cbaf";
				PROVISIONING_PROFILE_SPECIFIER = Weather_Dev;
			};
			name = Debug;
		};
		FBF034551EDEA89700D5E3F7 /* Release */ = {
			isa = XCBuildConfiguration;
			baseConfigurationReference = 1F87A27FCF7D96F234D3F689 /* Pods-Pictorial-OC.release.xcconfig */;
			buildSettings = {
				ASSETCATALOG_COMPILER_APPICON_NAME = AppIcon;
				CODE_SIGN_IDENTITY = "iPhone Distribution: MENG ZHAO (9PH3GF2LMY)";
				"CODE_SIGN_IDENTITY[sdk=iphoneos*]" = "iPhone Distribution: MENG ZHAO (9PH3GF2LMY)";
				DEVELOPMENT_TEAM = 9PH3GF2LMY;
				GCC_PREFIX_HEADER = "Pictorial-OC/PrefixHeader.pch";
				INFOPLIST_FILE = "Pictorial-OC/Info.plist";
				LD_RUNPATH_SEARCH_PATHS = "$(inherited) @executable_path/Frameworks";
				PRODUCT_BUNDLE_IDENTIFIER = com.ddkj.weather;
				PRODUCT_NAME = "$(TARGET_NAME)";
				PROVISIONING_PROFILE = "66edc0cd-dead-40ea-97a0-80ff3c242a24";
				PROVISIONING_PROFILE_SPECIFIER = Weather_Dis;
			};
			name = Release;
		};
/* End XCBuildConfiguration section */

/* Begin XCConfigurationList section */
		FBF034371EDEA89700D5E3F7 /* Build configuration list for PBXProject "Pictorial-OC" */ = {
			isa = XCConfigurationList;
			buildConfigurations = (
				FBF034511EDEA89700D5E3F7 /* Debug */,
				FBF034521EDEA89700D5E3F7 /* Release */,
			);
			defaultConfigurationIsVisible = 0;
			defaultConfigurationName = Release;
		};
		FBF034531EDEA89700D5E3F7 /* Build configuration list for PBXNativeTarget "Pictorial-OC" */ = {
			isa = XCConfigurationList;
			buildConfigurations = (
				FBF034541EDEA89700D5E3F7 /* Debug */,
				FBF034551EDEA89700D5E3F7 /* Release */,
			);
			defaultConfigurationIsVisible = 0;
			defaultConfigurationName = Release;
		};
/* End XCConfigurationList section */
	};
	rootObject = FBF034341EDEA89700D5E3F7 /* Project object */;
}
